<?xml version="1.0" encoding="UTF-8" standalone="yes" ?>
<CodeBlocks_project_file>
	<FileVersion major="1" minor="6" />
	<Project>
		<Option title="kPCA" />
		<Option makefile_is_custom="1" />
		<Option pch_mode="2" />
		<Option compiler="gcc" />
		<MakeCommands>
			<Build command="$make -f $makefile all" />
			<CompileFile command="$make -f $makefile $file" />
			<Clean command="$make -f $makefile clean" />
			<DistClean command="$make -f $makefile distclean$target" />
			<AskRebuildNeeded command="$make -q -f $makefile all" />
			<SilentBuild command="$make -s -f $makefile all" />
		</MakeCommands>
		<Build>
			<Target title="debug">
				<Option output="../../plugins/libmld_KPCA" prefix_auto="1" extension_auto="1" />
				<Option object_output="obj/" />
				<Option type="3" />
				<Option compiler="gcc" />
				<Compiler>
					<Add option="-g" />
				</Compiler>
				<MakeCommands>
					<Build command="$make -f $makefile all" />
					<CompileFile command="$make -f $makefile $file" />
					<Clean command="$make -f $makefile clean" />
					<DistClean command="$make -f $makefile distclean$target" />
					<AskRebuildNeeded command="$make -q -f $makefile all" />
					<SilentBuild command="$make -s -f $makefile all" />
				</MakeCommands>
			</Target>
			<Target title="release">
				<Option output="../../plugins/libmld_KPCA" prefix_auto="1" extension_auto="1" />
				<Option object_output="obj/" />
				<Option type="3" />
				<Option compiler="gcc" />
				<Compiler>
					<Add option="-O2" />
				</Compiler>
				<Linker>
					<Add option="-s" />
				</Linker>
				<MakeCommands>
					<Build command="$make -f $makefile all" />
					<CompileFile command="$make -f $makefile $file" />
					<Clean command="$make -f $makefile clean" />
					<DistClean command="$make -f $makefile distclean$target" />
					<AskRebuildNeeded command="$make -q -f $makefile all" />
					<SilentBuild command="$make -s -f $makefile all" />
				</MakeCommands>
			</Target>
		</Build>
		<Compiler>
			<Add option="-Wall" />
		</Compiler>
		<ExtraCommands>
			<Add before="$(#qt4)/bin/qmake -o Makefile $PROJECT_NAME.pro CONFIG+=$(TARGET_NAME)" />
			<Mode after="always" />
		</ExtraCommands>
		<Unit filename="Eigen/Array" />
		<Unit filename="Eigen/Cholesky" />
		<Unit filename="Eigen/Core" />
		<Unit filename="Eigen/Dense" />
		<Unit filename="Eigen/Eigen" />
		<Unit filename="Eigen/Eigen2Support" />
		<Unit filename="Eigen/Eigenvalues" />
		<Unit filename="Eigen/Geometry" />
		<Unit filename="Eigen/Householder" />
		<Unit filename="Eigen/Jacobi" />
		<Unit filename="Eigen/LU" />
		<Unit filename="Eigen/LeastSquares" />
		<Unit filename="Eigen/QR" />
		<Unit filename="Eigen/QtAlignedMalloc" />
		<Unit filename="Eigen/SVD" />
		<Unit filename="Eigen/Sparse" />
		<Unit filename="Eigen/StdDeque" />
		<Unit filename="Eigen/StdList" />
		<Unit filename="Eigen/StdVector" />
		<Unit filename="Eigen/src/Cholesky/LDLT.h" />
		<Unit filename="Eigen/src/Cholesky/LLT.h" />
		<Unit filename="Eigen/src/Core/Array.h" />
		<Unit filename="Eigen/src/Core/ArrayBase.h" />
		<Unit filename="Eigen/src/Core/ArrayWrapper.h" />
		<Unit filename="Eigen/src/Core/Assign.h" />
		<Unit filename="Eigen/src/Core/BandMatrix.h" />
		<Unit filename="Eigen/src/Core/Block.h" />
		<Unit filename="Eigen/src/Core/BooleanRedux.h" />
		<Unit filename="Eigen/src/Core/CommaInitializer.h" />
		<Unit filename="Eigen/src/Core/CwiseBinaryOp.h" />
		<Unit filename="Eigen/src/Core/CwiseNullaryOp.h" />
		<Unit filename="Eigen/src/Core/CwiseUnaryOp.h" />
		<Unit filename="Eigen/src/Core/CwiseUnaryView.h" />
		<Unit filename="Eigen/src/Core/DenseBase.h" />
		<Unit filename="Eigen/src/Core/DenseCoeffsBase.h" />
		<Unit filename="Eigen/src/Core/DenseStorage.h" />
		<Unit filename="Eigen/src/Core/Diagonal.h" />
		<Unit filename="Eigen/src/Core/DiagonalMatrix.h" />
		<Unit filename="Eigen/src/Core/DiagonalProduct.h" />
		<Unit filename="Eigen/src/Core/Dot.h" />
		<Unit filename="Eigen/src/Core/EigenBase.h" />
		<Unit filename="Eigen/src/Core/Flagged.h" />
		<Unit filename="Eigen/src/Core/ForceAlignedAccess.h" />
		<Unit filename="Eigen/src/Core/Functors.h" />
		<Unit filename="Eigen/src/Core/Fuzzy.h" />
		<Unit filename="Eigen/src/Core/GenericPacketMath.h" />
		<Unit filename="Eigen/src/Core/GlobalFunctions.h" />
		<Unit filename="Eigen/src/Core/IO.h" />
		<Unit filename="Eigen/src/Core/Map.h" />
		<Unit filename="Eigen/src/Core/MapBase.h" />
		<Unit filename="Eigen/src/Core/MathFunctions.h" />
		<Unit filename="Eigen/src/Core/Matrix.h" />
		<Unit filename="Eigen/src/Core/MatrixBase.h" />
		<Unit filename="Eigen/src/Core/NestByValue.h" />
		<Unit filename="Eigen/src/Core/NoAlias.h" />
		<Unit filename="Eigen/src/Core/NumTraits.h" />
		<Unit filename="Eigen/src/Core/PermutationMatrix.h" />
		<Unit filename="Eigen/src/Core/PlainObjectBase.h" />
		<Unit filename="Eigen/src/Core/Product.h" />
		<Unit filename="Eigen/src/Core/ProductBase.h" />
		<Unit filename="Eigen/src/Core/Random.h" />
		<Unit filename="Eigen/src/Core/Redux.h" />
		<Unit filename="Eigen/src/Core/Replicate.h" />
		<Unit filename="Eigen/src/Core/ReturnByValue.h" />
		<Unit filename="Eigen/src/Core/Reverse.h" />
		<Unit filename="Eigen/src/Core/Select.h" />
		<Unit filename="Eigen/src/Core/SelfAdjointView.h" />
		<Unit filename="Eigen/src/Core/SelfCwiseBinaryOp.h" />
		<Unit filename="Eigen/src/Core/SolveTriangular.h" />
		<Unit filename="Eigen/src/Core/StableNorm.h" />
		<Unit filename="Eigen/src/Core/Stride.h" />
		<Unit filename="Eigen/src/Core/Swap.h" />
		<Unit filename="Eigen/src/Core/Transpose.h" />
		<Unit filename="Eigen/src/Core/Transpositions.h" />
		<Unit filename="Eigen/src/Core/TriangularMatrix.h" />
		<Unit filename="Eigen/src/Core/VectorBlock.h" />
		<Unit filename="Eigen/src/Core/VectorwiseOp.h" />
		<Unit filename="Eigen/src/Core/Visitor.h" />
		<Unit filename="Eigen/src/Core/arch/AltiVec/Complex.h" />
		<Unit filename="Eigen/src/Core/arch/AltiVec/PacketMath.h" />
		<Unit filename="Eigen/src/Core/arch/Default/Settings.h" />
		<Unit filename="Eigen/src/Core/arch/NEON/Complex.h" />
		<Unit filename="Eigen/src/Core/arch/NEON/PacketMath.h" />
		<Unit filename="Eigen/src/Core/arch/SSE/Complex.h" />
		<Unit filename="Eigen/src/Core/arch/SSE/MathFunctions.h" />
		<Unit filename="Eigen/src/Core/arch/SSE/PacketMath.h" />
		<Unit filename="Eigen/src/Core/products/CoeffBasedProduct.h" />
		<Unit filename="Eigen/src/Core/products/GeneralBlockPanelKernel.h" />
		<Unit filename="Eigen/src/Core/products/GeneralMatrixMatrix.h" />
		<Unit filename="Eigen/src/Core/products/GeneralMatrixMatrixTriangular.h" />
		<Unit filename="Eigen/src/Core/products/GeneralMatrixVector.h" />
		<Unit filename="Eigen/src/Core/products/Parallelizer.h" />
		<Unit filename="Eigen/src/Core/products/SelfadjointMatrixMatrix.h" />
		<Unit filename="Eigen/src/Core/products/SelfadjointMatrixVector.h" />
		<Unit filename="Eigen/src/Core/products/SelfadjointProduct.h" />
		<Unit filename="Eigen/src/Core/products/SelfadjointRank2Update.h" />
		<Unit filename="Eigen/src/Core/products/TriangularMatrixMatrix.h" />
		<Unit filename="Eigen/src/Core/products/TriangularMatrixVector.h" />
		<Unit filename="Eigen/src/Core/products/TriangularSolverMatrix.h" />
		<Unit filename="Eigen/src/Core/products/TriangularSolverVector.h" />
		<Unit filename="Eigen/src/Core/util/BlasUtil.h" />
		<Unit filename="Eigen/src/Core/util/Constants.h" />
		<Unit filename="Eigen/src/Core/util/DisableStupidWarnings.h" />
		<Unit filename="Eigen/src/Core/util/ForwardDeclarations.h" />
		<Unit filename="Eigen/src/Core/util/Macros.h" />
		<Unit filename="Eigen/src/Core/util/Memory.h" />
		<Unit filename="Eigen/src/Core/util/Meta.h" />
		<Unit filename="Eigen/src/Core/util/ReenableStupidWarnings.h" />
		<Unit filename="Eigen/src/Core/util/StaticAssert.h" />
		<Unit filename="Eigen/src/Core/util/XprHelper.h" />
		<Unit filename="Eigen/src/Eigen2Support/Block.h" />
		<Unit filename="Eigen/src/Eigen2Support/Cwise.h" />
		<Unit filename="Eigen/src/Eigen2Support/CwiseOperators.h" />
		<Unit filename="Eigen/src/Eigen2Support/Geometry/AlignedBox.h" />
		<Unit filename="Eigen/src/Eigen2Support/Geometry/All.h" />
		<Unit filename="Eigen/src/Eigen2Support/Geometry/AngleAxis.h" />
		<Unit filename="Eigen/src/Eigen2Support/Geometry/Hyperplane.h" />
		<Unit filename="Eigen/src/Eigen2Support/Geometry/ParametrizedLine.h" />
		<Unit filename="Eigen/src/Eigen2Support/Geometry/Quaternion.h" />
		<Unit filename="Eigen/src/Eigen2Support/Geometry/Rotation2D.h" />
		<Unit filename="Eigen/src/Eigen2Support/Geometry/RotationBase.h" />
		<Unit filename="Eigen/src/Eigen2Support/Geometry/Scaling.h" />
		<Unit filename="Eigen/src/Eigen2Support/Geometry/Transform.h" />
		<Unit filename="Eigen/src/Eigen2Support/Geometry/Translation.h" />
		<Unit filename="Eigen/src/Eigen2Support/LU.h" />
		<Unit filename="Eigen/src/Eigen2Support/Lazy.h" />
		<Unit filename="Eigen/src/Eigen2Support/LeastSquares.h" />
		<Unit filename="Eigen/src/Eigen2Support/Macros.h" />
		<Unit filename="Eigen/src/Eigen2Support/MathFunctions.h" />
		<Unit filename="Eigen/src/Eigen2Support/Memory.h" />
		<Unit filename="Eigen/src/Eigen2Support/Meta.h" />
		<Unit filename="Eigen/src/Eigen2Support/Minor.h" />
		<Unit filename="Eigen/src/Eigen2Support/QR.h" />
		<Unit filename="Eigen/src/Eigen2Support/SVD.h" />
		<Unit filename="Eigen/src/Eigen2Support/TriangularSolver.h" />
		<Unit filename="Eigen/src/Eigen2Support/VectorBlock.h" />
		<Unit filename="Eigen/src/Eigenvalues/ComplexEigenSolver.h" />
		<Unit filename="Eigen/src/Eigenvalues/ComplexSchur.h" />
		<Unit filename="Eigen/src/Eigenvalues/EigenSolver.h" />
		<Unit filename="Eigen/src/Eigenvalues/EigenvaluesCommon.h" />
		<Unit filename="Eigen/src/Eigenvalues/GeneralizedSelfAdjointEigenSolver.h" />
		<Unit filename="Eigen/src/Eigenvalues/HessenbergDecomposition.h" />
		<Unit filename="Eigen/src/Eigenvalues/MatrixBaseEigenvalues.h" />
		<Unit filename="Eigen/src/Eigenvalues/RealSchur.h" />
		<Unit filename="Eigen/src/Eigenvalues/SelfAdjointEigenSolver.h" />
		<Unit filename="Eigen/src/Eigenvalues/Tridiagonalization.h" />
		<Unit filename="Eigen/src/Geometry/AlignedBox.h" />
		<Unit filename="Eigen/src/Geometry/AngleAxis.h" />
		<Unit filename="Eigen/src/Geometry/EulerAngles.h" />
		<Unit filename="Eigen/src/Geometry/Homogeneous.h" />
		<Unit filename="Eigen/src/Geometry/Hyperplane.h" />
		<Unit filename="Eigen/src/Geometry/OrthoMethods.h" />
		<Unit filename="Eigen/src/Geometry/ParametrizedLine.h" />
		<Unit filename="Eigen/src/Geometry/Quaternion.h" />
		<Unit filename="Eigen/src/Geometry/Rotation2D.h" />
		<Unit filename="Eigen/src/Geometry/RotationBase.h" />
		<Unit filename="Eigen/src/Geometry/Scaling.h" />
		<Unit filename="Eigen/src/Geometry/Transform.h" />
		<Unit filename="Eigen/src/Geometry/Translation.h" />
		<Unit filename="Eigen/src/Geometry/Umeyama.h" />
		<Unit filename="Eigen/src/Geometry/arch/Geometry_SSE.h" />
		<Unit filename="Eigen/src/Householder/BlockHouseholder.h" />
		<Unit filename="Eigen/src/Householder/Householder.h" />
		<Unit filename="Eigen/src/Householder/HouseholderSequence.h" />
		<Unit filename="Eigen/src/Jacobi/Jacobi.h" />
		<Unit filename="Eigen/src/LU/Determinant.h" />
		<Unit filename="Eigen/src/LU/FullPivLU.h" />
		<Unit filename="Eigen/src/LU/Inverse.h" />
		<Unit filename="Eigen/src/LU/PartialPivLU.h" />
		<Unit filename="Eigen/src/LU/arch/Inverse_SSE.h" />
		<Unit filename="Eigen/src/QR/ColPivHouseholderQR.h" />
		<Unit filename="Eigen/src/QR/FullPivHouseholderQR.h" />
		<Unit filename="Eigen/src/QR/HouseholderQR.h" />
		<Unit filename="Eigen/src/SVD/JacobiSVD.h" />
		<Unit filename="Eigen/src/SVD/UpperBidiagonalization.h" />
		<Unit filename="Eigen/src/Sparse/AmbiVector.h" />
		<Unit filename="Eigen/src/Sparse/CompressedStorage.h" />
		<Unit filename="Eigen/src/Sparse/CoreIterators.h" />
		<Unit filename="Eigen/src/Sparse/DynamicSparseMatrix.h" />
		<Unit filename="Eigen/src/Sparse/MappedSparseMatrix.h" />
		<Unit filename="Eigen/src/Sparse/SparseAssign.h" />
		<Unit filename="Eigen/src/Sparse/SparseBlock.h" />
		<Unit filename="Eigen/src/Sparse/SparseCwiseBinaryOp.h" />
		<Unit filename="Eigen/src/Sparse/SparseCwiseUnaryOp.h" />
		<Unit filename="Eigen/src/Sparse/SparseDenseProduct.h" />
		<Unit filename="Eigen/src/Sparse/SparseDiagonalProduct.h" />
		<Unit filename="Eigen/src/Sparse/SparseDot.h" />
		<Unit filename="Eigen/src/Sparse/SparseFuzzy.h" />
		<Unit filename="Eigen/src/Sparse/SparseMatrix.h" />
		<Unit filename="Eigen/src/Sparse/SparseMatrixBase.h" />
		<Unit filename="Eigen/src/Sparse/SparseProduct.h" />
		<Unit filename="Eigen/src/Sparse/SparseRedux.h" />
		<Unit filename="Eigen/src/Sparse/SparseSelfAdjointView.h" />
		<Unit filename="Eigen/src/Sparse/SparseSparseProduct.h" />
		<Unit filename="Eigen/src/Sparse/SparseTranspose.h" />
		<Unit filename="Eigen/src/Sparse/SparseTriangularView.h" />
		<Unit filename="Eigen/src/Sparse/SparseUtil.h" />
		<Unit filename="Eigen/src/Sparse/SparseVector.h" />
		<Unit filename="Eigen/src/Sparse/SparseView.h" />
		<Unit filename="Eigen/src/Sparse/TriangularSolver.h" />
		<Unit filename="Eigen/src/StlSupport/StdDeque.h" />
		<Unit filename="Eigen/src/StlSupport/StdList.h" />
		<Unit filename="Eigen/src/StlSupport/StdVector.h" />
		<Unit filename="Eigen/src/StlSupport/details.h" />
		<Unit filename="Eigen/src/misc/Image.h" />
		<Unit filename="Eigen/src/misc/Kernel.h" />
		<Unit filename="Eigen/src/misc/Solve.h" />
		<Unit filename="Eigen/src/plugins/ArrayCwiseBinaryOps.h" />
		<Unit filename="Eigen/src/plugins/ArrayCwiseUnaryOps.h" />
		<Unit filename="Eigen/src/plugins/BlockMethods.h" />
		<Unit filename="Eigen/src/plugins/CommonCwiseBinaryOps.h" />
		<Unit filename="Eigen/src/plugins/CommonCwiseUnaryOps.h" />
		<Unit filename="Eigen/src/plugins/MatrixCwiseBinaryOps.h" />
		<Unit filename="Eigen/src/plugins/MatrixCwiseUnaryOps.h" />
		<Unit filename="classifierKPCA.cpp" />
		<Unit filename="classifierKPCA.h" />
		<Unit filename="eigen_pca.h" />
		<Unit filename="eigen_pca_kernel.cpp" />
		<Unit filename="mymaths.cpp" />
		<Unit filename="mymaths.h" />
		<Unit filename="paramsKPCA.ui" />
		<Unit filename="pluginKPCA.cpp" />
		<Unit filename="pluginKPCA.h" />
		<Unit filename="pluginKPCA.pro" />
		<Unit filename="testPCA.cpp" />
		<Extensions>
			<code_completion />
			<envvars />
			<debugger />
		</Extensions>
	</Project>
</CodeBlocks_project_file>
