<?xml version="1.0" encoding="UTF-8" standalone="yes" ?>
<CodeBlocks_project_file>
	<FileVersion major="1" minor="6" />
	<Project>
		<Option title="KernelMethods" />
		<Option makefile_is_custom="1" />
		<Option pch_mode="2" />
		<Option compiler="gcc" />
		<MakeCommands>
			<Build command="$make -f $makefile all" />
			<CompileFile command="$make -f $makefile $file" />
			<Clean command="$make -f $makefile clean" />
			<DistClean command="$make -f $makefile distclean$target" />
			<AskRebuildNeeded command="$make -q -f $makefile all" />
			<SilentBuild command="$make -s -f $makefile all" />
		</MakeCommands>
		<Build>
			<Target title="debug">
				<Option output="../../plugins/libmld_KernelMethods" prefix_auto="1" extension_auto="1" />
				<Option object_output="obj/" />
				<Option type="3" />
				<Option compiler="gcc" />
				<Compiler>
					<Add option="-g" />
				</Compiler>
				<MakeCommands>
					<Build command="$make -f $makefile all" />
					<CompileFile command="$make -f $makefile $file" />
					<Clean command="$make -f $makefile clean" />
					<DistClean command="$make -f $makefile distclean$target" />
					<AskRebuildNeeded command="$make -q -f $makefile all" />
					<SilentBuild command="$make -s -f $makefile all" />
				</MakeCommands>
			</Target>
			<Target title="release">
				<Option output="../../plugins/libmld_KernelMethods" prefix_auto="1" extension_auto="1" />
				<Option object_output="obj/" />
				<Option type="3" />
				<Option compiler="gcc" />
				<Compiler>
					<Add option="-O2" />
				</Compiler>
				<Linker>
					<Add option="-s" />
				</Linker>
				<MakeCommands>
					<Build command="$make -f $makefile all" />
					<CompileFile command="$make -f $makefile $file" />
					<Clean command="$make -f $makefile clean" />
					<DistClean command="$make -f $makefile distclean$target" />
					<AskRebuildNeeded command="$make -q -f $makefile all" />
					<SilentBuild command="$make -s -f $makefile all" />
				</MakeCommands>
			</Target>
		</Build>
		<Compiler>
			<Add option="-Wall" />
		</Compiler>
		<ExtraCommands>
			<Add before="$(#qt4)/bin/qmake -o Makefile $PROJECT_NAME.pro CONFIG+=$(TARGET_NAME)" />
			<Mode after="always" />
		</ExtraCommands>
		<Unit filename="SOGP.cpp" />
		<Unit filename="SOGP.h" />
		<Unit filename="SOGP_aux.cpp" />
		<Unit filename="SOGP_aux.h" />
		<Unit filename="basicOpenCV.cpp" />
		<Unit filename="basicOpenCV.h" />
		<Unit filename="classifierPegasos.cpp" />
		<Unit filename="classifierPegasos.h" />
		<Unit filename="classifierRVM.cpp" />
		<Unit filename="classifierRVM.h" />
		<Unit filename="classifierSVM.cpp" />
		<Unit filename="classifierSVM.h" />
		<Unit filename="clustererKKM.cpp" />
		<Unit filename="clustererKKM.h" />
		<Unit filename="clustererSVR.cpp" />
		<Unit filename="clustererSVR.h" />
		<Unit filename="dlib/algs.h" />
		<Unit filename="dlib/all/source.cpp" />
		<Unit filename="dlib/all_console.cpp" />
		<Unit filename="dlib/all_gui.cpp" />
		<Unit filename="dlib/array.h" />
		<Unit filename="dlib/array/array_expand_1.h" />
		<Unit filename="dlib/array/array_expand_abstract.h" />
		<Unit filename="dlib/array/array_expand_c.h" />
		<Unit filename="dlib/array/array_kernel_1.h" />
		<Unit filename="dlib/array/array_kernel_2.h" />
		<Unit filename="dlib/array/array_kernel_abstract.h" />
		<Unit filename="dlib/array/array_kernel_c.h" />
		<Unit filename="dlib/array/array_sort_1.h" />
		<Unit filename="dlib/array/array_sort_2.h" />
		<Unit filename="dlib/array/array_sort_abstract.h" />
		<Unit filename="dlib/array2d.h" />
		<Unit filename="dlib/array2d/array2d_kernel_1.h" />
		<Unit filename="dlib/array2d/array2d_kernel_abstract.h" />
		<Unit filename="dlib/array2d/array2d_kernel_c.h" />
		<Unit filename="dlib/assert.h" />
		<Unit filename="dlib/base64.h" />
		<Unit filename="dlib/base64/base64_kernel_1.cpp" />
		<Unit filename="dlib/base64/base64_kernel_1.h" />
		<Unit filename="dlib/base64/base64_kernel_abstract.h" />
		<Unit filename="dlib/bayes_utils.h" />
		<Unit filename="dlib/bayes_utils/bayes_utils.h" />
		<Unit filename="dlib/bayes_utils/bayes_utils_abstract.h" />
		<Unit filename="dlib/bigint.h" />
		<Unit filename="dlib/bigint/bigint_kernel_1.cpp" />
		<Unit filename="dlib/bigint/bigint_kernel_1.h" />
		<Unit filename="dlib/bigint/bigint_kernel_2.cpp" />
		<Unit filename="dlib/bigint/bigint_kernel_2.h" />
		<Unit filename="dlib/bigint/bigint_kernel_abstract.h" />
		<Unit filename="dlib/bigint/bigint_kernel_c.h" />
		<Unit filename="dlib/binary_search_tree.h" />
		<Unit filename="dlib/binary_search_tree/binary_search_tree_kernel_1.h" />
		<Unit filename="dlib/binary_search_tree/binary_search_tree_kernel_2.h" />
		<Unit filename="dlib/binary_search_tree/binary_search_tree_kernel_abstract.h" />
		<Unit filename="dlib/binary_search_tree/binary_search_tree_kernel_c.h" />
		<Unit filename="dlib/bit_stream.h" />
		<Unit filename="dlib/bit_stream/bit_stream_kernel_1.cpp" />
		<Unit filename="dlib/bit_stream/bit_stream_kernel_1.h" />
		<Unit filename="dlib/bit_stream/bit_stream_kernel_abstract.h" />
		<Unit filename="dlib/bit_stream/bit_stream_kernel_c.h" />
		<Unit filename="dlib/bit_stream/bit_stream_multi_1.h" />
		<Unit filename="dlib/bit_stream/bit_stream_multi_abstract.h" />
		<Unit filename="dlib/bit_stream/bit_stream_multi_c.h" />
		<Unit filename="dlib/bound_function_pointer.h" />
		<Unit filename="dlib/bound_function_pointer/bound_function_pointer_kernel_1.h" />
		<Unit filename="dlib/bound_function_pointer/bound_function_pointer_kernel_abstract.h" />
		<Unit filename="dlib/bound_function_pointer/bound_function_pointer_kernel_c.h" />
		<Unit filename="dlib/byte_orderer.h" />
		<Unit filename="dlib/byte_orderer/byte_orderer_kernel_1.h" />
		<Unit filename="dlib/byte_orderer/byte_orderer_kernel_abstract.h" />
		<Unit filename="dlib/cmd_line_parser.h" />
		<Unit filename="dlib/cmd_line_parser/cmd_line_parser_check_1.h" />
		<Unit filename="dlib/cmd_line_parser/cmd_line_parser_check_abstract.h" />
		<Unit filename="dlib/cmd_line_parser/cmd_line_parser_check_c.h" />
		<Unit filename="dlib/cmd_line_parser/cmd_line_parser_kernel_1.h" />
		<Unit filename="dlib/cmd_line_parser/cmd_line_parser_kernel_abstract.h" />
		<Unit filename="dlib/cmd_line_parser/cmd_line_parser_kernel_c.h" />
		<Unit filename="dlib/cmd_line_parser/cmd_line_parser_print_1.h" />
		<Unit filename="dlib/cmd_line_parser/cmd_line_parser_print_abstract.h" />
		<Unit filename="dlib/compress_stream.h" />
		<Unit filename="dlib/compress_stream/compress_stream_kernel_1.h" />
		<Unit filename="dlib/compress_stream/compress_stream_kernel_2.h" />
		<Unit filename="dlib/compress_stream/compress_stream_kernel_3.h" />
		<Unit filename="dlib/compress_stream/compress_stream_kernel_abstract.h" />
		<Unit filename="dlib/conditioning_class.h" />
		<Unit filename="dlib/conditioning_class/conditioning_class_kernel_1.h" />
		<Unit filename="dlib/conditioning_class/conditioning_class_kernel_2.h" />
		<Unit filename="dlib/conditioning_class/conditioning_class_kernel_3.h" />
		<Unit filename="dlib/conditioning_class/conditioning_class_kernel_4.h" />
		<Unit filename="dlib/conditioning_class/conditioning_class_kernel_abstract.h" />
		<Unit filename="dlib/conditioning_class/conditioning_class_kernel_c.h" />
		<Unit filename="dlib/config_reader.h" />
		<Unit filename="dlib/config_reader/config_reader_kernel_1.h" />
		<Unit filename="dlib/config_reader/config_reader_kernel_abstract.h" />
		<Unit filename="dlib/config_reader/config_reader_thread_safe_1.h" />
		<Unit filename="dlib/config_reader/config_reader_thread_safe_abstract.h" />
		<Unit filename="dlib/cpp_pretty_printer.h" />
		<Unit filename="dlib/cpp_pretty_printer/cpp_pretty_printer_kernel_1.h" />
		<Unit filename="dlib/cpp_pretty_printer/cpp_pretty_printer_kernel_2.h" />
		<Unit filename="dlib/cpp_pretty_printer/cpp_pretty_printer_kernel_abstract.h" />
		<Unit filename="dlib/cpp_tokenizer.h" />
		<Unit filename="dlib/cpp_tokenizer/cpp_tokenizer_kernel_1.h" />
		<Unit filename="dlib/cpp_tokenizer/cpp_tokenizer_kernel_abstract.h" />
		<Unit filename="dlib/cpp_tokenizer/cpp_tokenizer_kernel_c.h" />
		<Unit filename="dlib/crc32.h" />
		<Unit filename="dlib/crc32/crc32_kernel_1.h" />
		<Unit filename="dlib/crc32/crc32_kernel_abstract.h" />
		<Unit filename="dlib/data_io.h" />
		<Unit filename="dlib/data_io/libsvm_io.h" />
		<Unit filename="dlib/data_io/libsvm_io_abstract.h" />
		<Unit filename="dlib/dir_nav.h" />
		<Unit filename="dlib/dir_nav/dir_nav_extensions.cpp" />
		<Unit filename="dlib/dir_nav/dir_nav_extensions.h" />
		<Unit filename="dlib/dir_nav/dir_nav_extensions_abstract.h" />
		<Unit filename="dlib/dir_nav/dir_nav_kernel_1.cpp" />
		<Unit filename="dlib/dir_nav/dir_nav_kernel_1.h" />
		<Unit filename="dlib/dir_nav/dir_nav_kernel_2.cpp" />
		<Unit filename="dlib/dir_nav/dir_nav_kernel_2.h" />
		<Unit filename="dlib/dir_nav/dir_nav_kernel_abstract.h" />
		<Unit filename="dlib/dir_nav/posix.h" />
		<Unit filename="dlib/dir_nav/windows.h" />
		<Unit filename="dlib/directed_graph.h" />
		<Unit filename="dlib/directed_graph/directed_graph_kernel_1.h" />
		<Unit filename="dlib/directed_graph/directed_graph_kernel_abstract.h" />
		<Unit filename="dlib/enable_if.h" />
		<Unit filename="dlib/entropy_decoder.h" />
		<Unit filename="dlib/entropy_decoder/entropy_decoder_kernel_1.cpp" />
		<Unit filename="dlib/entropy_decoder/entropy_decoder_kernel_1.h" />
		<Unit filename="dlib/entropy_decoder/entropy_decoder_kernel_2.cpp" />
		<Unit filename="dlib/entropy_decoder/entropy_decoder_kernel_2.h" />
		<Unit filename="dlib/entropy_decoder/entropy_decoder_kernel_abstract.h" />
		<Unit filename="dlib/entropy_decoder/entropy_decoder_kernel_c.h" />
		<Unit filename="dlib/entropy_decoder_model.h" />
		<Unit filename="dlib/entropy_decoder_model/entropy_decoder_model_kernel_1.h" />
		<Unit filename="dlib/entropy_decoder_model/entropy_decoder_model_kernel_2.h" />
		<Unit filename="dlib/entropy_decoder_model/entropy_decoder_model_kernel_3.h" />
		<Unit filename="dlib/entropy_decoder_model/entropy_decoder_model_kernel_4.h" />
		<Unit filename="dlib/entropy_decoder_model/entropy_decoder_model_kernel_5.h" />
		<Unit filename="dlib/entropy_decoder_model/entropy_decoder_model_kernel_6.h" />
		<Unit filename="dlib/entropy_decoder_model/entropy_decoder_model_kernel_abstract.h" />
		<Unit filename="dlib/entropy_encoder.h" />
		<Unit filename="dlib/entropy_encoder/entropy_encoder_kernel_1.cpp" />
		<Unit filename="dlib/entropy_encoder/entropy_encoder_kernel_1.h" />
		<Unit filename="dlib/entropy_encoder/entropy_encoder_kernel_2.cpp" />
		<Unit filename="dlib/entropy_encoder/entropy_encoder_kernel_2.h" />
		<Unit filename="dlib/entropy_encoder/entropy_encoder_kernel_abstract.h" />
		<Unit filename="dlib/entropy_encoder/entropy_encoder_kernel_c.h" />
		<Unit filename="dlib/entropy_encoder_model.h" />
		<Unit filename="dlib/entropy_encoder_model/entropy_encoder_model_kernel_1.h" />
		<Unit filename="dlib/entropy_encoder_model/entropy_encoder_model_kernel_2.h" />
		<Unit filename="dlib/entropy_encoder_model/entropy_encoder_model_kernel_3.h" />
		<Unit filename="dlib/entropy_encoder_model/entropy_encoder_model_kernel_4.h" />
		<Unit filename="dlib/entropy_encoder_model/entropy_encoder_model_kernel_5.h" />
		<Unit filename="dlib/entropy_encoder_model/entropy_encoder_model_kernel_6.h" />
		<Unit filename="dlib/entropy_encoder_model/entropy_encoder_model_kernel_abstract.h" />
		<Unit filename="dlib/entropy_encoder_model/entropy_encoder_model_kernel_c.h" />
		<Unit filename="dlib/error.h" />
		<Unit filename="dlib/general_hash/general_hash.h" />
		<Unit filename="dlib/geometry.h" />
		<Unit filename="dlib/geometry/rectangle.h" />
		<Unit filename="dlib/geometry/rectangle_abstract.h" />
		<Unit filename="dlib/geometry/vector.h" />
		<Unit filename="dlib/geometry/vector_abstract.h" />
		<Unit filename="dlib/graph.h" />
		<Unit filename="dlib/graph/graph_kernel_1.h" />
		<Unit filename="dlib/graph/graph_kernel_abstract.h" />
		<Unit filename="dlib/graph_utils.h" />
		<Unit filename="dlib/graph_utils/graph_utils.h" />
		<Unit filename="dlib/graph_utils/graph_utils_abstract.h" />
		<Unit filename="dlib/gui_core.h" />
		<Unit filename="dlib/gui_core/gui_core_kernel_1.cpp" />
		<Unit filename="dlib/gui_core/gui_core_kernel_1.h" />
		<Unit filename="dlib/gui_core/gui_core_kernel_2.cpp" />
		<Unit filename="dlib/gui_core/gui_core_kernel_2.h" />
		<Unit filename="dlib/gui_core/gui_core_kernel_abstract.h" />
		<Unit filename="dlib/gui_core/windows.h" />
		<Unit filename="dlib/gui_core/xlib.h" />
		<Unit filename="dlib/gui_widgets.h" />
		<Unit filename="dlib/gui_widgets/base_widgets.cpp" />
		<Unit filename="dlib/gui_widgets/base_widgets.h" />
		<Unit filename="dlib/gui_widgets/base_widgets_abstract.h" />
		<Unit filename="dlib/gui_widgets/canvas_drawing.cpp" />
		<Unit filename="dlib/gui_widgets/canvas_drawing.h" />
		<Unit filename="dlib/gui_widgets/canvas_drawing_abstract.h" />
		<Unit filename="dlib/gui_widgets/drawable.cpp" />
		<Unit filename="dlib/gui_widgets/drawable.h" />
		<Unit filename="dlib/gui_widgets/drawable_abstract.h" />
		<Unit filename="dlib/gui_widgets/fonts.cpp" />
		<Unit filename="dlib/gui_widgets/fonts.h" />
		<Unit filename="dlib/gui_widgets/fonts_abstract.h" />
		<Unit filename="dlib/gui_widgets/nativefont.h" />
		<Unit filename="dlib/gui_widgets/style.cpp" />
		<Unit filename="dlib/gui_widgets/style.h" />
		<Unit filename="dlib/gui_widgets/style_abstract.h" />
		<Unit filename="dlib/gui_widgets/widgets.cpp" />
		<Unit filename="dlib/gui_widgets/widgets.h" />
		<Unit filename="dlib/gui_widgets/widgets_abstract.h" />
		<Unit filename="dlib/hash_map.h" />
		<Unit filename="dlib/hash_map/hash_map_kernel_1.h" />
		<Unit filename="dlib/hash_map/hash_map_kernel_abstract.h" />
		<Unit filename="dlib/hash_map/hash_map_kernel_c.h" />
		<Unit filename="dlib/hash_set.h" />
		<Unit filename="dlib/hash_set/hash_set_kernel_1.h" />
		<Unit filename="dlib/hash_set/hash_set_kernel_abstract.h" />
		<Unit filename="dlib/hash_set/hash_set_kernel_c.h" />
		<Unit filename="dlib/hash_table.h" />
		<Unit filename="dlib/hash_table/hash_table_kernel_1.h" />
		<Unit filename="dlib/hash_table/hash_table_kernel_2.h" />
		<Unit filename="dlib/hash_table/hash_table_kernel_abstract.h" />
		<Unit filename="dlib/hash_table/hash_table_kernel_c.h" />
		<Unit filename="dlib/http_client/http_client.cpp" />
		<Unit filename="dlib/http_client/http_client.h" />
		<Unit filename="dlib/http_client/http_client_abstract.h" />
		<Unit filename="dlib/image_io.h" />
		<Unit filename="dlib/image_keypoint.h" />
		<Unit filename="dlib/image_keypoint/hessian_pyramid.h" />
		<Unit filename="dlib/image_keypoint/hessian_pyramid_abstract.h" />
		<Unit filename="dlib/image_keypoint/hog.h" />
		<Unit filename="dlib/image_keypoint/hog_abstract.h" />
		<Unit filename="dlib/image_keypoint/surf.h" />
		<Unit filename="dlib/image_keypoint/surf_abstract.h" />
		<Unit filename="dlib/image_loader/image_loader.h" />
		<Unit filename="dlib/image_loader/image_loader_abstract.h" />
		<Unit filename="dlib/image_loader/png_loader.cpp" />
		<Unit filename="dlib/image_loader/png_loader.h" />
		<Unit filename="dlib/image_loader/png_loader_abstract.h" />
		<Unit filename="dlib/image_saver/dng_shared.h" />
		<Unit filename="dlib/image_saver/image_saver.h" />
		<Unit filename="dlib/image_saver/image_saver_abstract.h" />
		<Unit filename="dlib/image_transforms.h" />
		<Unit filename="dlib/image_transforms/assign_image.h" />
		<Unit filename="dlib/image_transforms/assign_image_abstract.h" />
		<Unit filename="dlib/image_transforms/draw.h" />
		<Unit filename="dlib/image_transforms/draw_abstract.h" />
		<Unit filename="dlib/image_transforms/edge_detector.h" />
		<Unit filename="dlib/image_transforms/edge_detector_abstract.h" />
		<Unit filename="dlib/image_transforms/equalize_histogram.h" />
		<Unit filename="dlib/image_transforms/equalize_histogram_abstract.h" />
		<Unit filename="dlib/image_transforms/image_pyramid.h" />
		<Unit filename="dlib/image_transforms/image_pyramid_abstract.h" />
		<Unit filename="dlib/image_transforms/integral_image.h" />
		<Unit filename="dlib/image_transforms/integral_image_abstract.h" />
		<Unit filename="dlib/image_transforms/morphological_operations.h" />
		<Unit filename="dlib/image_transforms/morphological_operations_abstract.h" />
		<Unit filename="dlib/image_transforms/spatial_filtering.h" />
		<Unit filename="dlib/image_transforms/spatial_filtering_abstract.h" />
		<Unit filename="dlib/image_transforms/thresholding.h" />
		<Unit filename="dlib/image_transforms/thresholding_abstract.h" />
		<Unit filename="dlib/interfaces/cmd_line_parser_option.h" />
		<Unit filename="dlib/interfaces/enumerable.h" />
		<Unit filename="dlib/interfaces/map_pair.h" />
		<Unit filename="dlib/interfaces/remover.h" />
		<Unit filename="dlib/is_kind.h" />
		<Unit filename="dlib/linker.h" />
		<Unit filename="dlib/linker/linker_kernel_1.cpp" />
		<Unit filename="dlib/linker/linker_kernel_1.h" />
		<Unit filename="dlib/linker/linker_kernel_abstract.h" />
		<Unit filename="dlib/linker/linker_kernel_c.h" />
		<Unit filename="dlib/logger.h" />
		<Unit filename="dlib/logger/extra_logger_headers.cpp" />
		<Unit filename="dlib/logger/extra_logger_headers.h" />
		<Unit filename="dlib/logger/logger_config_file.cpp" />
		<Unit filename="dlib/logger/logger_config_file.h" />
		<Unit filename="dlib/logger/logger_kernel_1.cpp" />
		<Unit filename="dlib/logger/logger_kernel_1.h" />
		<Unit filename="dlib/logger/logger_kernel_abstract.h" />
		<Unit filename="dlib/lz77_buffer.h" />
		<Unit filename="dlib/lz77_buffer/lz77_buffer_kernel_1.h" />
		<Unit filename="dlib/lz77_buffer/lz77_buffer_kernel_2.h" />
		<Unit filename="dlib/lz77_buffer/lz77_buffer_kernel_abstract.h" />
		<Unit filename="dlib/lz77_buffer/lz77_buffer_kernel_c.h" />
		<Unit filename="dlib/lzp_buffer.h" />
		<Unit filename="dlib/lzp_buffer/lzp_buffer_kernel_1.h" />
		<Unit filename="dlib/lzp_buffer/lzp_buffer_kernel_2.h" />
		<Unit filename="dlib/lzp_buffer/lzp_buffer_kernel_abstract.h" />
		<Unit filename="dlib/lzp_buffer/lzp_buffer_kernel_c.h" />
		<Unit filename="dlib/manifold_regularization.h" />
		<Unit filename="dlib/manifold_regularization/function_objects.h" />
		<Unit filename="dlib/manifold_regularization/function_objects_abstract.h" />
		<Unit filename="dlib/manifold_regularization/graph_creation.h" />
		<Unit filename="dlib/manifold_regularization/graph_creation_abstract.h" />
		<Unit filename="dlib/manifold_regularization/linear_manifold_regularizer.h" />
		<Unit filename="dlib/manifold_regularization/linear_manifold_regularizer_abstract.h" />
		<Unit filename="dlib/manifold_regularization/sample_pair.h" />
		<Unit filename="dlib/manifold_regularization/sample_pair_abstract.h" />
		<Unit filename="dlib/map.h" />
		<Unit filename="dlib/map/map_kernel_1.h" />
		<Unit filename="dlib/map/map_kernel_abstract.h" />
		<Unit filename="dlib/map/map_kernel_c.h" />
		<Unit filename="dlib/matrix.h" />
		<Unit filename="dlib/matrix/matrix.h" />
		<Unit filename="dlib/matrix/matrix_abstract.h" />
		<Unit filename="dlib/matrix/matrix_assign.h" />
		<Unit filename="dlib/matrix/matrix_assign_fwd.h" />
		<Unit filename="dlib/matrix/matrix_blas_bindings.h" />
		<Unit filename="dlib/matrix/matrix_cholesky.h" />
		<Unit filename="dlib/matrix/matrix_conj_trans.h" />
		<Unit filename="dlib/matrix/matrix_data_layout.h" />
		<Unit filename="dlib/matrix/matrix_data_layout_abstract.h" />
		<Unit filename="dlib/matrix/matrix_default_mul.h" />
		<Unit filename="dlib/matrix/matrix_eigenvalue.h" />
		<Unit filename="dlib/matrix/matrix_exp.h" />
		<Unit filename="dlib/matrix/matrix_exp_abstract.h" />
		<Unit filename="dlib/matrix/matrix_expressions.h" />
		<Unit filename="dlib/matrix/matrix_fwd.h" />
		<Unit filename="dlib/matrix/matrix_la.h" />
		<Unit filename="dlib/matrix/matrix_la_abstract.h" />
		<Unit filename="dlib/matrix/matrix_lu.h" />
		<Unit filename="dlib/matrix/matrix_math_functions.h" />
		<Unit filename="dlib/matrix/matrix_math_functions_abstract.h" />
		<Unit filename="dlib/matrix/matrix_op.h" />
		<Unit filename="dlib/matrix/matrix_qr.h" />
		<Unit filename="dlib/matrix/matrix_subexp.h" />
		<Unit filename="dlib/matrix/matrix_subexp_abstract.h" />
		<Unit filename="dlib/matrix/matrix_utilities.h" />
		<Unit filename="dlib/matrix/matrix_utilities_abstract.h" />
		<Unit filename="dlib/md5.h" />
		<Unit filename="dlib/md5/md5_kernel_1.cpp" />
		<Unit filename="dlib/md5/md5_kernel_1.h" />
		<Unit filename="dlib/md5/md5_kernel_abstract.h" />
		<Unit filename="dlib/member_function_pointer.h" />
		<Unit filename="dlib/member_function_pointer/member_function_pointer_kernel_1.h" />
		<Unit filename="dlib/member_function_pointer/member_function_pointer_kernel_abstract.h" />
		<Unit filename="dlib/member_function_pointer/member_function_pointer_kernel_c.h" />
		<Unit filename="dlib/memory_manager.h" />
		<Unit filename="dlib/memory_manager/memory_manager_kernel_1.h" />
		<Unit filename="dlib/memory_manager/memory_manager_kernel_2.h" />
		<Unit filename="dlib/memory_manager/memory_manager_kernel_3.h" />
		<Unit filename="dlib/memory_manager/memory_manager_kernel_abstract.h" />
		<Unit filename="dlib/memory_manager_global.h" />
		<Unit filename="dlib/memory_manager_global/memory_manager_global_kernel_1.h" />
		<Unit filename="dlib/memory_manager_global/memory_manager_global_kernel_abstract.h" />
		<Unit filename="dlib/memory_manager_stateless.h" />
		<Unit filename="dlib/memory_manager_stateless/memory_manager_stateless_kernel_1.h" />
		<Unit filename="dlib/memory_manager_stateless/memory_manager_stateless_kernel_2.h" />
		<Unit filename="dlib/memory_manager_stateless/memory_manager_stateless_kernel_abstract.h" />
		<Unit filename="dlib/misc_api.h" />
		<Unit filename="dlib/misc_api/misc_api_kernel_1.cpp" />
		<Unit filename="dlib/misc_api/misc_api_kernel_1.h" />
		<Unit filename="dlib/misc_api/misc_api_kernel_2.cpp" />
		<Unit filename="dlib/misc_api/misc_api_kernel_2.h" />
		<Unit filename="dlib/misc_api/misc_api_kernel_abstract.h" />
		<Unit filename="dlib/misc_api/posix.h" />
		<Unit filename="dlib/misc_api/windows.h" />
		<Unit filename="dlib/mlp.h" />
		<Unit filename="dlib/mlp/mlp_kernel_1.h" />
		<Unit filename="dlib/mlp/mlp_kernel_abstract.h" />
		<Unit filename="dlib/mlp/mlp_kernel_c.h" />
		<Unit filename="dlib/noncopyable.h" />
		<Unit filename="dlib/opencv.h" />
		<Unit filename="dlib/opencv/cv_image.h" />
		<Unit filename="dlib/opencv/cv_image_abstract.h" />
		<Unit filename="dlib/optimization.h" />
		<Unit filename="dlib/optimization/optimization.h" />
		<Unit filename="dlib/optimization/optimization_abstract.h" />
		<Unit filename="dlib/optimization/optimization_bobyqa.h" />
		<Unit filename="dlib/optimization/optimization_bobyqa_abstract.h" />
		<Unit filename="dlib/optimization/optimization_line_search.h" />
		<Unit filename="dlib/optimization/optimization_line_search_abstract.h" />
		<Unit filename="dlib/optimization/optimization_oca.h" />
		<Unit filename="dlib/optimization/optimization_oca_abstract.h" />
		<Unit filename="dlib/optimization/optimization_search_strategies.h" />
		<Unit filename="dlib/optimization/optimization_search_strategies_abstract.h" />
		<Unit filename="dlib/optimization/optimization_solve_qp_using_smo.h" />
		<Unit filename="dlib/optimization/optimization_solve_qp_using_smo_abstract.h" />
		<Unit filename="dlib/optimization/optimization_stop_strategies.h" />
		<Unit filename="dlib/optimization/optimization_stop_strategies_abstract.h" />
		<Unit filename="dlib/pipe.h" />
		<Unit filename="dlib/pipe/pipe_kernel_1.h" />
		<Unit filename="dlib/pipe/pipe_kernel_abstract.h" />
		<Unit filename="dlib/pixel.h" />
		<Unit filename="dlib/platform.h" />
		<Unit filename="dlib/quantum_computing.h" />
		<Unit filename="dlib/quantum_computing/quantum_computing.h" />
		<Unit filename="dlib/quantum_computing/quantum_computing_abstract.h" />
		<Unit filename="dlib/queue.h" />
		<Unit filename="dlib/queue/queue_kernel_1.h" />
		<Unit filename="dlib/queue/queue_kernel_2.h" />
		<Unit filename="dlib/queue/queue_kernel_abstract.h" />
		<Unit filename="dlib/queue/queue_kernel_c.h" />
		<Unit filename="dlib/queue/queue_sort_1.h" />
		<Unit filename="dlib/queue/queue_sort_abstract.h" />
		<Unit filename="dlib/rand.h" />
		<Unit filename="dlib/rand/mersenne_twister.h" />
		<Unit filename="dlib/rand/rand_float_1.h" />
		<Unit filename="dlib/rand/rand_float_abstract.h" />
		<Unit filename="dlib/rand/rand_kernel_1.h" />
		<Unit filename="dlib/rand/rand_kernel_abstract.h" />
		<Unit filename="dlib/ref.h" />
		<Unit filename="dlib/reference_counter.h" />
		<Unit filename="dlib/reference_counter/reference_counter_kernel_1.h" />
		<Unit filename="dlib/reference_counter/reference_counter_kernel_abstract.h" />
		<Unit filename="dlib/revision.h" />
		<Unit filename="dlib/sequence.h" />
		<Unit filename="dlib/sequence/sequence_compare_1.h" />
		<Unit filename="dlib/sequence/sequence_compare_abstract.h" />
		<Unit filename="dlib/sequence/sequence_kernel_1.h" />
		<Unit filename="dlib/sequence/sequence_kernel_2.h" />
		<Unit filename="dlib/sequence/sequence_kernel_abstract.h" />
		<Unit filename="dlib/sequence/sequence_kernel_c.h" />
		<Unit filename="dlib/sequence/sequence_sort_1.h" />
		<Unit filename="dlib/sequence/sequence_sort_2.h" />
		<Unit filename="dlib/sequence/sequence_sort_abstract.h" />
		<Unit filename="dlib/serialize.h" />
		<Unit filename="dlib/server.h" />
		<Unit filename="dlib/server/server_http_1.h" />
		<Unit filename="dlib/server/server_http_abstract.h" />
		<Unit filename="dlib/server/server_iostream_1.h" />
		<Unit filename="dlib/server/server_iostream_abstract.h" />
		<Unit filename="dlib/server/server_kernel_1.h" />
		<Unit filename="dlib/server/server_kernel_abstract.h" />
		<Unit filename="dlib/server/server_kernel_c.h" />
		<Unit filename="dlib/set.h" />
		<Unit filename="dlib/set/set_compare_1.h" />
		<Unit filename="dlib/set/set_compare_abstract.h" />
		<Unit filename="dlib/set/set_kernel_1.h" />
		<Unit filename="dlib/set/set_kernel_abstract.h" />
		<Unit filename="dlib/set/set_kernel_c.h" />
		<Unit filename="dlib/set_utils.h" />
		<Unit filename="dlib/set_utils/set_utils.h" />
		<Unit filename="dlib/set_utils/set_utils_abstract.h" />
		<Unit filename="dlib/sliding_buffer.h" />
		<Unit filename="dlib/sliding_buffer/sliding_buffer_kernel_1.h" />
		<Unit filename="dlib/sliding_buffer/sliding_buffer_kernel_abstract.h" />
		<Unit filename="dlib/sliding_buffer/sliding_buffer_kernel_c.h" />
		<Unit filename="dlib/smart_pointers.h" />
		<Unit filename="dlib/smart_pointers/scoped_ptr.h" />
		<Unit filename="dlib/smart_pointers/scoped_ptr_abstract.h" />
		<Unit filename="dlib/smart_pointers/shared_ptr.h" />
		<Unit filename="dlib/smart_pointers/shared_ptr_abstract.h" />
		<Unit filename="dlib/smart_pointers/shared_ptr_thread_safe.h" />
		<Unit filename="dlib/smart_pointers/shared_ptr_thread_safe_abstract.h" />
		<Unit filename="dlib/smart_pointers/weak_ptr.h" />
		<Unit filename="dlib/smart_pointers/weak_ptr_abstract.h" />
		<Unit filename="dlib/smart_pointers_thread_safe.h" />
		<Unit filename="dlib/sockets.h" />
		<Unit filename="dlib/sockets/posix.h" />
		<Unit filename="dlib/sockets/sockets_extensions.cpp" />
		<Unit filename="dlib/sockets/sockets_extensions.h" />
		<Unit filename="dlib/sockets/sockets_extensions_abstract.h" />
		<Unit filename="dlib/sockets/sockets_kernel_1.cpp" />
		<Unit filename="dlib/sockets/sockets_kernel_1.h" />
		<Unit filename="dlib/sockets/sockets_kernel_2.cpp" />
		<Unit filename="dlib/sockets/sockets_kernel_2.h" />
		<Unit filename="dlib/sockets/sockets_kernel_abstract.h" />
		<Unit filename="dlib/sockets/windows.h" />
		<Unit filename="dlib/sockstreambuf.h" />
		<Unit filename="dlib/sockstreambuf/sockstreambuf_kernel_1.cpp" />
		<Unit filename="dlib/sockstreambuf/sockstreambuf_kernel_1.h" />
		<Unit filename="dlib/sockstreambuf/sockstreambuf_kernel_2.cpp" />
		<Unit filename="dlib/sockstreambuf/sockstreambuf_kernel_2.h" />
		<Unit filename="dlib/sockstreambuf/sockstreambuf_kernel_abstract.h" />
		<Unit filename="dlib/sort.h" />
		<Unit filename="dlib/stack.h" />
		<Unit filename="dlib/stack/stack_kernel_1.h" />
		<Unit filename="dlib/stack/stack_kernel_abstract.h" />
		<Unit filename="dlib/stack/stack_kernel_c.h" />
		<Unit filename="dlib/stack_trace.cpp" />
		<Unit filename="dlib/stack_trace.h" />
		<Unit filename="dlib/static_map.h" />
		<Unit filename="dlib/static_map/static_map_kernel_1.h" />
		<Unit filename="dlib/static_map/static_map_kernel_abstract.h" />
		<Unit filename="dlib/static_map/static_map_kernel_c.h" />
		<Unit filename="dlib/static_set.h" />
		<Unit filename="dlib/static_set/static_set_compare_1.h" />
		<Unit filename="dlib/static_set/static_set_compare_abstract.h" />
		<Unit filename="dlib/static_set/static_set_kernel_1.h" />
		<Unit filename="dlib/static_set/static_set_kernel_abstract.h" />
		<Unit filename="dlib/static_set/static_set_kernel_c.h" />
		<Unit filename="dlib/statistics.h" />
		<Unit filename="dlib/statistics/dpca.h" />
		<Unit filename="dlib/statistics/dpca_abstract.h" />
		<Unit filename="dlib/statistics/random_subset_selector.h" />
		<Unit filename="dlib/statistics/random_subset_selector_abstract.h" />
		<Unit filename="dlib/statistics/statistics.h" />
		<Unit filename="dlib/statistics/statistics_abstract.h" />
		<Unit filename="dlib/std_allocator.h" />
		<Unit filename="dlib/stl_checked.h" />
		<Unit filename="dlib/stl_checked/std_vector_c.h" />
		<Unit filename="dlib/stl_checked/std_vector_c_abstract.h" />
		<Unit filename="dlib/string.h" />
		<Unit filename="dlib/string/string.h" />
		<Unit filename="dlib/string/string_abstract.h" />
		<Unit filename="dlib/svm.h" />
		<Unit filename="dlib/svm/empirical_kernel_map.h" />
		<Unit filename="dlib/svm/empirical_kernel_map_abstract.h" />
		<Unit filename="dlib/svm/feature_ranking.h" />
		<Unit filename="dlib/svm/feature_ranking_abstract.h" />
		<Unit filename="dlib/svm/function.h" />
		<Unit filename="dlib/svm/function_abstract.h" />
		<Unit filename="dlib/svm/kcentroid.h" />
		<Unit filename="dlib/svm/kcentroid_abstract.h" />
		<Unit filename="dlib/svm/kcentroid_overloads.h" />
		<Unit filename="dlib/svm/kernel.h" />
		<Unit filename="dlib/svm/kernel_abstract.h" />
		<Unit filename="dlib/svm/kernel_matrix.h" />
		<Unit filename="dlib/svm/kernel_matrix_abstract.h" />
		<Unit filename="dlib/svm/kkmeans.h" />
		<Unit filename="dlib/svm/kkmeans_abstract.h" />
		<Unit filename="dlib/svm/krls.h" />
		<Unit filename="dlib/svm/krls_abstract.h" />
		<Unit filename="dlib/svm/krr_trainer.h" />
		<Unit filename="dlib/svm/krr_trainer_abstract.h" />
		<Unit filename="dlib/svm/linearly_independent_subset_finder.h" />
		<Unit filename="dlib/svm/linearly_independent_subset_finder_abstract.h" />
		<Unit filename="dlib/svm/null_trainer.h" />
		<Unit filename="dlib/svm/null_trainer_abstract.h" />
		<Unit filename="dlib/svm/pegasos.h" />
		<Unit filename="dlib/svm/pegasos_abstract.h" />
		<Unit filename="dlib/svm/rbf_network.h" />
		<Unit filename="dlib/svm/rbf_network_abstract.h" />
		<Unit filename="dlib/svm/reduced.h" />
		<Unit filename="dlib/svm/reduced_abstract.h" />
		<Unit filename="dlib/svm/roc_trainer.h" />
		<Unit filename="dlib/svm/roc_trainer_abstract.h" />
		<Unit filename="dlib/svm/rvm.h" />
		<Unit filename="dlib/svm/rvm_abstract.h" />
		<Unit filename="dlib/svm/simplify_linear_decision_function.h" />
		<Unit filename="dlib/svm/simplify_linear_decision_function_abstract.h" />
		<Unit filename="dlib/svm/sparse_kernel.h" />
		<Unit filename="dlib/svm/sparse_kernel_abstract.h" />
		<Unit filename="dlib/svm/sparse_vector.h" />
		<Unit filename="dlib/svm/sparse_vector_abstract.h" />
		<Unit filename="dlib/svm/svm.h" />
		<Unit filename="dlib/svm/svm_abstract.h" />
		<Unit filename="dlib/svm/svm_c_ekm_trainer.h" />
		<Unit filename="dlib/svm/svm_c_ekm_trainer_abstract.h" />
		<Unit filename="dlib/svm/svm_c_linear_trainer.h" />
		<Unit filename="dlib/svm/svm_c_linear_trainer_abstract.h" />
		<Unit filename="dlib/svm/svm_threaded.h" />
		<Unit filename="dlib/svm/svm_threaded_abstract.h" />
		<Unit filename="dlib/svm_threaded.h" />
		<Unit filename="dlib/sync_extension.h" />
		<Unit filename="dlib/sync_extension/sync_extension_kernel_1.h" />
		<Unit filename="dlib/sync_extension/sync_extension_kernel_abstract.h" />
		<Unit filename="dlib/test/array.cpp" />
		<Unit filename="dlib/test/array2d.cpp" />
		<Unit filename="dlib/test/base64.cpp" />
		<Unit filename="dlib/test/bayes_nets.cpp" />
		<Unit filename="dlib/test/bigint.cpp" />
		<Unit filename="dlib/test/binary_search_tree.h" />
		<Unit filename="dlib/test/binary_search_tree_kernel_1a.cpp" />
		<Unit filename="dlib/test/binary_search_tree_kernel_2a.cpp" />
		<Unit filename="dlib/test/binary_search_tree_mm1.cpp" />
		<Unit filename="dlib/test/binary_search_tree_mm2.cpp" />
		<Unit filename="dlib/test/blas_bindings/blas_bindings_dot.cpp" />
		<Unit filename="dlib/test/blas_bindings/blas_bindings_gemm.cpp" />
		<Unit filename="dlib/test/blas_bindings/blas_bindings_gemv.cpp" />
		<Unit filename="dlib/test/blas_bindings/blas_bindings_ger.cpp" />
		<Unit filename="dlib/test/blas_bindings/vector.cpp" />
		<Unit filename="dlib/test/checkerboard.h" />
		<Unit filename="dlib/test/cmd_line_parser.cpp" />
		<Unit filename="dlib/test/cmd_line_parser.h" />
		<Unit filename="dlib/test/cmd_line_parser_wchar_t.cpp" />
		<Unit filename="dlib/test/compress_stream.cpp" />
		<Unit filename="dlib/test/conditioning_class.cpp" />
		<Unit filename="dlib/test/conditioning_class.h" />
		<Unit filename="dlib/test/conditioning_class_c.cpp" />
		<Unit filename="dlib/test/config_reader.cpp" />
		<Unit filename="dlib/test/directed_graph.cpp" />
		<Unit filename="dlib/test/discriminant_pca.cpp" />
		<Unit filename="dlib/test/ekm_and_lisf.cpp" />
		<Unit filename="dlib/test/empirical_kernel_map.cpp" />
		<Unit filename="dlib/test/entropy_coder.cpp" />
		<Unit filename="dlib/test/entropy_encoder_model.cpp" />
		<Unit filename="dlib/test/example.cpp" />
		<Unit filename="dlib/test/example_args.cpp" />
		<Unit filename="dlib/test/geometry.cpp" />
		<Unit filename="dlib/test/graph.cpp" />
		<Unit filename="dlib/test/gui/main.cpp" />
		<Unit filename="dlib/test/hash_map.cpp" />
		<Unit filename="dlib/test/hash_set.cpp" />
		<Unit filename="dlib/test/hash_table.cpp" />
		<Unit filename="dlib/test/image.cpp" />
		<Unit filename="dlib/test/kcentroid.cpp" />
		<Unit filename="dlib/test/kernel_matrix.cpp" />
		<Unit filename="dlib/test/linear_manifold_regularizer.cpp" />
		<Unit filename="dlib/test/lz77_buffer.cpp" />
		<Unit filename="dlib/test/main.cpp" />
		<Unit filename="dlib/test/map.cpp" />
		<Unit filename="dlib/test/matrix.cpp" />
		<Unit filename="dlib/test/matrix2.cpp" />
		<Unit filename="dlib/test/matrix3.cpp" />
		<Unit filename="dlib/test/matrix_chol.cpp" />
		<Unit filename="dlib/test/matrix_eig.cpp" />
		<Unit filename="dlib/test/matrix_lu.cpp" />
		<Unit filename="dlib/test/matrix_qr.cpp" />
		<Unit filename="dlib/test/md5.cpp" />
		<Unit filename="dlib/test/member_function_pointer.cpp" />
		<Unit filename="dlib/test/metaprogramming.cpp" />
		<Unit filename="dlib/test/multithreaded_object.cpp" />
		<Unit filename="dlib/test/opt_qp_solver.cpp" />
		<Unit filename="dlib/test/optimization.cpp" />
		<Unit filename="dlib/test/pipe.cpp" />
		<Unit filename="dlib/test/pixel.cpp" />
		<Unit filename="dlib/test/queue.cpp" />
		<Unit filename="dlib/test/rand.cpp" />
		<Unit filename="dlib/test/read_write_mutex.cpp" />
		<Unit filename="dlib/test/reference_counter.cpp" />
		<Unit filename="dlib/test/sequence.cpp" />
		<Unit filename="dlib/test/serialize.cpp" />
		<Unit filename="dlib/test/set.cpp" />
		<Unit filename="dlib/test/sldf.cpp" />
		<Unit filename="dlib/test/sliding_buffer.cpp" />
		<Unit filename="dlib/test/smart_pointers.cpp" />
		<Unit filename="dlib/test/sockets.cpp" />
		<Unit filename="dlib/test/sockets2.cpp" />
		<Unit filename="dlib/test/sockstreambuf.cpp" />
		<Unit filename="dlib/test/stack.cpp" />
		<Unit filename="dlib/test/static_map.cpp" />
		<Unit filename="dlib/test/static_set.cpp" />
		<Unit filename="dlib/test/statistics.cpp" />
		<Unit filename="dlib/test/std_vector_c.cpp" />
		<Unit filename="dlib/test/string.cpp" />
		<Unit filename="dlib/test/svm.cpp" />
		<Unit filename="dlib/test/svm_c_linear.cpp" />
		<Unit filename="dlib/test/tester.cpp" />
		<Unit filename="dlib/test/tester.h" />
		<Unit filename="dlib/test/thread_pool.cpp" />
		<Unit filename="dlib/test/threads.cpp" />
		<Unit filename="dlib/test/timer.cpp" />
		<Unit filename="dlib/test/tokenizer.cpp" />
		<Unit filename="dlib/test/tuple.cpp" />
		<Unit filename="dlib/test/type_safe_union.cpp" />
		<Unit filename="dlib/threads.h" />
		<Unit filename="dlib/threads/auto_mutex_extension.h" />
		<Unit filename="dlib/threads/auto_mutex_extension_abstract.h" />
		<Unit filename="dlib/threads/auto_unlock_extension.h" />
		<Unit filename="dlib/threads/auto_unlock_extension_abstract.h" />
		<Unit filename="dlib/threads/create_new_thread_extension.h" />
		<Unit filename="dlib/threads/create_new_thread_extension_abstract.h" />
		<Unit filename="dlib/threads/multithreaded_object_extension.cpp" />
		<Unit filename="dlib/threads/multithreaded_object_extension.h" />
		<Unit filename="dlib/threads/multithreaded_object_extension_abstract.h" />
		<Unit filename="dlib/threads/posix.h" />
		<Unit filename="dlib/threads/read_write_mutex_extension.h" />
		<Unit filename="dlib/threads/read_write_mutex_extension_abstract.h" />
		<Unit filename="dlib/threads/rmutex_extension.h" />
		<Unit filename="dlib/threads/rmutex_extension_abstract.h" />
		<Unit filename="dlib/threads/rsignaler_extension.h" />
		<Unit filename="dlib/threads/rsignaler_extension_abstract.h" />
		<Unit filename="dlib/threads/thread_function_extension.h" />
		<Unit filename="dlib/threads/thread_function_extension_abstract.h" />
		<Unit filename="dlib/threads/thread_pool_extension.cpp" />
		<Unit filename="dlib/threads/thread_pool_extension.h" />
		<Unit filename="dlib/threads/thread_pool_extension_abstract.h" />
		<Unit filename="dlib/threads/thread_specific_data_extension.h" />
		<Unit filename="dlib/threads/thread_specific_data_extension_abstract.h" />
		<Unit filename="dlib/threads/threaded_object_extension.cpp" />
		<Unit filename="dlib/threads/threaded_object_extension.h" />
		<Unit filename="dlib/threads/threaded_object_extension_abstract.h" />
		<Unit filename="dlib/threads/threads_kernel.h" />
		<Unit filename="dlib/threads/threads_kernel_1.cpp" />
		<Unit filename="dlib/threads/threads_kernel_1.h" />
		<Unit filename="dlib/threads/threads_kernel_2.cpp" />
		<Unit filename="dlib/threads/threads_kernel_2.h" />
		<Unit filename="dlib/threads/threads_kernel_abstract.h" />
		<Unit filename="dlib/threads/threads_kernel_shared.cpp" />
		<Unit filename="dlib/threads/threads_kernel_shared.h" />
		<Unit filename="dlib/threads/windows.h" />
		<Unit filename="dlib/time_this.h" />
		<Unit filename="dlib/timeout.h" />
		<Unit filename="dlib/timeout/timeout_kernel_1.h" />
		<Unit filename="dlib/timeout/timeout_kernel_abstract.h" />
		<Unit filename="dlib/timer.h" />
		<Unit filename="dlib/timer/timer_kernel_1.h" />
		<Unit filename="dlib/timer/timer_kernel_2.cpp" />
		<Unit filename="dlib/timer/timer_kernel_2.h" />
		<Unit filename="dlib/timer/timer_kernel_abstract.h" />
		<Unit filename="dlib/tokenizer.h" />
		<Unit filename="dlib/tokenizer/tokenizer_kernel_1.cpp" />
		<Unit filename="dlib/tokenizer/tokenizer_kernel_1.h" />
		<Unit filename="dlib/tokenizer/tokenizer_kernel_abstract.h" />
		<Unit filename="dlib/tokenizer/tokenizer_kernel_c.h" />
		<Unit filename="dlib/tuple.h" />
		<Unit filename="dlib/tuple/tuple.h" />
		<Unit filename="dlib/tuple/tuple_abstract.h" />
		<Unit filename="dlib/type_safe_union.h" />
		<Unit filename="dlib/type_safe_union/type_safe_union_kernel.h" />
		<Unit filename="dlib/type_safe_union/type_safe_union_kernel_abstract.h" />
		<Unit filename="dlib/uintn.h" />
		<Unit filename="dlib/unicode.h" />
		<Unit filename="dlib/unicode/unicode.cpp" />
		<Unit filename="dlib/unicode/unicode.h" />
		<Unit filename="dlib/unicode/unicode_abstract.h" />
		<Unit filename="dlib/windows_magic.h" />
		<Unit filename="dlib/xml_parser.h" />
		<Unit filename="dlib/xml_parser/xml_parser_kernel_1.h" />
		<Unit filename="dlib/xml_parser/xml_parser_kernel_abstract.h" />
		<Unit filename="dlib/xml_parser/xml_parser_kernel_c.h" />
		<Unit filename="dlib/xml_parser/xml_parser_kernel_interfaces.h" />
		<Unit filename="dlibTypes.h" />
		<Unit filename="dynamicalGPR.cpp" />
		<Unit filename="dynamicalGPR.h" />
		<Unit filename="dynamicalSVR.cpp" />
		<Unit filename="dynamicalSVR.h" />
		<Unit filename="gpr.h" />
		<Unit filename="interfaceSVMClassifier.cpp" />
		<Unit filename="interfaceSVMClassifier.h" />
		<Unit filename="interfaceSVMCluster.cpp" />
		<Unit filename="interfaceSVMCluster.h" />
		<Unit filename="interfaceSVMDynamic.cpp" />
		<Unit filename="interfaceSVMDynamic.h" />
		<Unit filename="interfaceSVMRegress.cpp" />
		<Unit filename="interfaceSVMRegress.h" />
		<Unit filename="mymaths.cpp" />
		<Unit filename="mymaths.h" />
		<Unit filename="newmat11/bandmat.cpp" />
		<Unit filename="newmat11/cholesky.cpp" />
		<Unit filename="newmat11/controlw.h" />
		<Unit filename="newmat11/evalue.cpp" />
		<Unit filename="newmat11/fft.cpp" />
		<Unit filename="newmat11/hholder.cpp" />
		<Unit filename="newmat11/include.h" />
		<Unit filename="newmat11/jacobi.cpp" />
		<Unit filename="newmat11/myexcept.cpp" />
		<Unit filename="newmat11/myexcept.h" />
		<Unit filename="newmat11/newfft.cpp" />
		<Unit filename="newmat11/newmat.h" />
		<Unit filename="newmat11/newmat1.cpp" />
		<Unit filename="newmat11/newmat2.cpp" />
		<Unit filename="newmat11/newmat3.cpp" />
		<Unit filename="newmat11/newmat4.cpp" />
		<Unit filename="newmat11/newmat5.cpp" />
		<Unit filename="newmat11/newmat6.cpp" />
		<Unit filename="newmat11/newmat7.cpp" />
		<Unit filename="newmat11/newmat8.cpp" />
		<Unit filename="newmat11/newmat9.cpp" />
		<Unit filename="newmat11/newmatap.h" />
		<Unit filename="newmat11/newmatex.cpp" />
		<Unit filename="newmat11/newmatio.h" />
		<Unit filename="newmat11/newmatnl.cpp" />
		<Unit filename="newmat11/newmatnl.h" />
		<Unit filename="newmat11/newmatrc.h" />
		<Unit filename="newmat11/newmatrm.cpp" />
		<Unit filename="newmat11/newmatrm.h" />
		<Unit filename="newmat11/nm_misc.cpp" />
		<Unit filename="newmat11/precisio.h" />
		<Unit filename="newmat11/solution.cpp" />
		<Unit filename="newmat11/solution.h" />
		<Unit filename="newmat11/sort.cpp" />
		<Unit filename="newmat11/submat.cpp" />
		<Unit filename="newmat11/svd.cpp" />
		<Unit filename="paramsSVM.ui" />
		<Unit filename="paramsSVMcluster.ui" />
		<Unit filename="paramsSVMdynamic.ui" />
		<Unit filename="paramsSVMregr.ui" />
		<Unit filename="pluginKernel.cpp" />
		<Unit filename="pluginKernel.h" />
		<Unit filename="pluginKernel.pro" />
		<Unit filename="regressorGPR.cpp" />
		<Unit filename="regressorGPR.h" />
		<Unit filename="regressorKRLS.cpp" />
		<Unit filename="regressorKRLS.h" />
		<Unit filename="regressorRVM.cpp" />
		<Unit filename="regressorRVM.h" />
		<Unit filename="regressorSVR.cpp" />
		<Unit filename="regressorSVR.h" />
		<Unit filename="roc.cpp" />
		<Unit filename="roc.h" />
		<Unit filename="svm.cpp" />
		<Unit filename="svm.h" />
		<Unit filename="ui_paramsSVM.h" />
		<Unit filename="ui_paramsSVMcluster.h" />
		<Unit filename="ui_paramsSVMdynamic.h" />
		<Unit filename="ui_paramsSVMregr.h" />
		<Extensions>
			<code_completion />
			<envvars />
			<debugger />
		</Extensions>
	</Project>
</CodeBlocks_project_file>
