<?xml version="1.0" encoding="UTF-8" standalone="yes" ?>
<CodeBlocks_project_file>
	<FileVersion major="1" minor="6" />
	<Project>
		<Option title="SEDS" />
		<Option makefile_is_custom="1" />
		<Option pch_mode="2" />
		<Option compiler="gcc" />
		<MakeCommands>
			<Build command="$make -f $makefile all" />
			<CompileFile command="$make -f $makefile $file" />
			<Clean command="$make -f $makefile clean" />
			<DistClean command="$make -f $makefile distclean$target" />
			<AskRebuildNeeded command="$make -q -f $makefile all" />
			<SilentBuild command="$make -s -f $makefile all" />
		</MakeCommands>
		<Build>
			<Target title="debug">
				<Option output="../../plugins/libmld_SEDS" prefix_auto="1" extension_auto="1" />
				<Option object_output="obj/" />
				<Option type="3" />
				<Option compiler="gcc" />
				<Compiler>
					<Add option="-g" />
				</Compiler>
				<MakeCommands>
					<Build command="$make -f $makefile all" />
					<CompileFile command="$make -f $makefile $file" />
					<Clean command="$make -f $makefile clean" />
					<DistClean command="$make -f $makefile distclean$target" />
					<AskRebuildNeeded command="$make -q -f $makefile all" />
					<SilentBuild command="$make -s -f $makefile all" />
				</MakeCommands>
			</Target>
			<Target title="release">
				<Option output="../../plugins/libmld_SEDS" prefix_auto="1" extension_auto="1" />
				<Option object_output="obj/" />
				<Option type="3" />
				<Option compiler="gcc" />
				<Compiler>
					<Add option="-O2" />
				</Compiler>
				<Linker>
					<Add option="-s" />
				</Linker>
				<MakeCommands>
					<Build command="$make -f $makefile all" />
					<CompileFile command="$make -f $makefile $file" />
					<Clean command="$make -f $makefile clean" />
					<DistClean command="$make -f $makefile distclean$target" />
					<AskRebuildNeeded command="$make -q -f $makefile all" />
					<SilentBuild command="$make -s -f $makefile all" />
				</MakeCommands>
			</Target>
		</Build>
		<Compiler>
			<Add option="-Wall" />
		</Compiler>
		<ExtraCommands>
			<Add before="$(#qt4)/bin/qmake -o Makefile $PROJECT_NAME.pro CONFIG+=$(TARGET_NAME)" />
			<Mode after="always" />
		</ExtraCommands>
		<Unit filename="MathLib/Differentiator.cpp" />
		<Unit filename="MathLib/Differentiator.h" />
		<Unit filename="MathLib/GradientDescent.cpp" />
		<Unit filename="MathLib/GradientDescent.h" />
		<Unit filename="MathLib/IKGroupSolver.cpp" />
		<Unit filename="MathLib/IKGroupSolver.h" />
		<Unit filename="MathLib/IKSubSolver.cpp" />
		<Unit filename="MathLib/IKSubSolver.h" />
		<Unit filename="MathLib/Macros.cpp" />
		<Unit filename="MathLib/Macros.h" />
		<Unit filename="MathLib/MathLib.cpp" />
		<Unit filename="MathLib/MathLib.h" />
		<Unit filename="MathLib/MathLibCommon.cpp" />
		<Unit filename="MathLib/MathLibCommon.h" />
		<Unit filename="MathLib/Matrix.cpp" />
		<Unit filename="MathLib/Matrix.h" />
		<Unit filename="MathLib/Matrix3.cpp" />
		<Unit filename="MathLib/Matrix3.h" />
		<Unit filename="MathLib/Matrix4.cpp" />
		<Unit filename="MathLib/Matrix4.h" />
		<Unit filename="MathLib/ReferenceFrame.cpp" />
		<Unit filename="MathLib/ReferenceFrame.h" />
		<Unit filename="MathLib/Regression.cpp" />
		<Unit filename="MathLib/Regression.h" />
		<Unit filename="MathLib/SpatialForce.cpp" />
		<Unit filename="MathLib/SpatialForce.h" />
		<Unit filename="MathLib/SpatialFrame.cpp" />
		<Unit filename="MathLib/SpatialFrame.h" />
		<Unit filename="MathLib/SpatialInertia.cpp" />
		<Unit filename="MathLib/SpatialInertia.h" />
		<Unit filename="MathLib/SpatialMatrix.cpp" />
		<Unit filename="MathLib/SpatialMatrix.h" />
		<Unit filename="MathLib/SpatialVector.cpp" />
		<Unit filename="MathLib/SpatialVector.h" />
		<Unit filename="MathLib/SpatialVelocity.cpp" />
		<Unit filename="MathLib/SpatialVelocity.h" />
		<Unit filename="MathLib/TMatrix.cpp" />
		<Unit filename="MathLib/TMatrix.h" />
		<Unit filename="MathLib/TVector.cpp" />
		<Unit filename="MathLib/TVector.h" />
		<Unit filename="MathLib/Vector.cpp" />
		<Unit filename="MathLib/Vector.h" />
		<Unit filename="MathLib/Vector3.cpp" />
		<Unit filename="MathLib/Vector3.h" />
		<Unit filename="SEDS.cpp" />
		<Unit filename="SEDS.h" />
		<Unit filename="dynamicalSEDS.cpp" />
		<Unit filename="dynamicalSEDS.h" />
		<Unit filename="fgmm/em.cpp" />
		<Unit filename="fgmm/em.h" />
		<Unit filename="fgmm/fgmm++.hpp" />
		<Unit filename="fgmm/fgmm.h" />
		<Unit filename="fgmm/gaussian.cpp" />
		<Unit filename="fgmm/gaussian.h" />
		<Unit filename="fgmm/gmm.cpp" />
		<Unit filename="fgmm/gmmregression.cpp" />
		<Unit filename="fgmm/regression.h" />
		<Unit filename="fgmm/smat.cpp" />
		<Unit filename="fgmm/smat.h" />
		<Unit filename="fgmm/update.cpp" />
		<Unit filename="interfaceSEDSDynamic.cpp" />
		<Unit filename="interfaceSEDSDynamic.h" />
		<Unit filename="paramsSEDS.ui" />
		<Unit filename="pluginSEDS.pro" />
		<Extensions>
			<code_completion />
			<envvars />
			<debugger />
		</Extensions>
	</Project>
</CodeBlocks_project_file>
