<?xml version="1.0" encoding="UTF-8" standalone="yes" ?>
<CodeBlocks_project_file>
	<FileVersion major="1" minor="6" />
	<Project>
		<Option title="pluginOpenCV" />
		<Option makefile_is_custom="1" />
		<Option execution_dir="../OpenCV" />
		<Option pch_mode="2" />
		<Option compiler="gcc" />
		<MakeCommands>
			<Build command="$make -f $makefile " />
			<CompileFile command="$make -f $makefile $file" />
			<Clean command="$make -f $makefile clean" />
			<DistClean command="$make -f $makefile distclean$target" />
			<AskRebuildNeeded command="$make -q -f $makefile" />
			<SilentBuild command="$make -s -f $makefile" />
		</MakeCommands>
		<Build>
			<Target title="debug">
				<Option output="../../plugins/libmld_OpenCV" prefix_auto="1" extension_auto="1" />
				<Option object_output="obj/Debug/" />
				<Option type="3" />
				<Option compiler="gcc" />
				<Compiler>
					<Add option="-g" />
				</Compiler>
				<MakeCommands>
					<Build command="$make -f $makefile" />
					<CompileFile command="$make -f $makefile $file" />
					<Clean command="$make -f $makefile clean" />
					<DistClean command="$make -f $makefile distclean$target" />
					<AskRebuildNeeded command="$make -q -f $makefile" />
					<SilentBuild command="$make -s -f $makefile " />
				</MakeCommands>
			</Target>
			<Target title="release">
				<Option output="../plugins/libmld_OpenCV" prefix_auto="1" extension_auto="1" />
				<Option object_output="obj/Release/" />
				<Option type="3" />
				<Option compiler="gcc" />
				<Compiler>
					<Add option="-O2" />
				</Compiler>
				<Linker>
					<Add option="-s" />
				</Linker>
				<MakeCommands>
					<Build command="$make -f $makefile" />
					<CompileFile command="$make -f $makefile $file" />
					<Clean command="$make -f $makefile clean" />
					<DistClean command="$make -f $makefile distclean$target" />
					<AskRebuildNeeded command="$make -q -f $makefile" />
					<SilentBuild command="$make -s -f $makefile" />
				</MakeCommands>
			</Target>
		</Build>
		<Compiler>
			<Add option="-Wall" />
			<Add option="-fexceptions" />
		</Compiler>
		<ExtraCommands>
			<Add before='$(#qt4)/bin/qmake -o Makefile $PROJECT_NAME.pro CONFIG+=&quot;$(TARGET_NAME) opencv$(#opencv.version)&quot;' />
		</ExtraCommands>
		<Unit filename="basicOpenCV.cpp" />
		<Unit filename="basicOpenCV.h" />
		<Unit filename="classifierBoost.cpp" />
		<Unit filename="classifierBoost.h" />
		<Unit filename="classifierMLP.cpp" />
		<Unit filename="classifierMLP.h" />
		<Unit filename="clustererKM.cpp" />
		<Unit filename="clustererKM.h" />
		<Unit filename="dynamicalMLP.cpp" />
		<Unit filename="dynamicalMLP.h" />
		<Unit filename="interfaceBoostClassifier.cpp" />
		<Unit filename="interfaceBoostClassifier.h" />
		<Unit filename="interfaceKMCluster.cpp" />
		<Unit filename="interfaceKMCluster.h" />
		<Unit filename="interfaceMLPClassifier.cpp" />
		<Unit filename="interfaceMLPClassifier.h" />
		<Unit filename="interfaceMLPDynamic.cpp" />
		<Unit filename="interfaceMLPDynamic.h" />
		<Unit filename="interfaceMLPRegress.cpp" />
		<Unit filename="interfaceMLPRegress.h" />
		<Unit filename="kmeans.cpp" />
		<Unit filename="kmeans.h" />
		<Unit filename="paramsBoost.ui" />
		<Unit filename="paramsKM.ui" />
		<Unit filename="paramsMLP.ui" />
		<Unit filename="paramsMLPDynamic.ui" />
		<Unit filename="paramsMLPRegress.ui" />
		<Unit filename="pluginOpenCV.cpp" />
		<Unit filename="pluginOpenCV.h" />
		<Unit filename="regressorMLP.cpp" />
		<Unit filename="regressorMLP.h" />
		<Extensions>
			<code_completion />
			<envvars />
			<debugger />
			<lib_finder disable_auto="1" />
		</Extensions>
	</Project>
</CodeBlocks_project_file>
